
Microsoft Visual Studio Solution File, Format Version 12.00
# Visual Studio 14
VisualStudioVersion = 14.0.25123.0
MinimumVisualStudioVersion = 10.0.40219.1
Project("{66E42872-486A-4FAC-B0AC-B3A46F916948}") = "Sitecore.Support.220905", "Sitecore.Support.220905\Sitecore.Support.220905.csproj", "{2CE098B2-C441-4E10-8B66-FC5ABD60B5BB}"
EndProject
Global
	GlobalSection(SolutionConfigurationPlatforms) = preSolution
		Debug|Any CPU = Debug|Any CPU
		Release|Any CPU = Release|Any CPU
	EndGlobalSection
	GlobalSection(ProjectConfigurationPlatforms) = postSolution
		{2CE098B2-C441-4E10-8B66-FC5ABD60B5BB}.Debug|Any CPU.ActiveCfg = Debug|Any CPU
		{2CE098B2-C441-4E10-8B66-FC5ABD60B5BB}.Debug|Any CPU.Build.0 = Debug|Any CPU
		{2CE098B2-C441-4E10-8B66-FC5ABD60B5BB}.Release|Any CPU.ActiveCfg = Release|Any CPU
		{2CE098B2-C441-4E10-8B66-FC5ABD60B5BB}.Release|Any CPU.Build.0 = Release|Any CPU
	EndGlobalSection
	GlobalSection(SolutionProperties) = preSolution
		HideSolutionNode = FALSE
	EndGlobalSection
EndGlobal
